# This file is autogenerated, do not edit; changes may be undone by the next 'dep ensure'.


[[projects]]
  branch = "master"
  name = "github.com/agl/ed25519"
  packages = [".","edwards25519"]
  revision = "5312a61534124124185d41f09206b9fef1d88403"

[[projects]]
  branch = "master"
  name = "github.com/go-errors/errors"
  packages = ["."]
  revision = "3afebba5a48dbc89b574d890b6b34d9ee10b4785"

[[projects]]
  branch = "master"
  name = "github.com/multiplay/go-slack"
  packages = [".","chat","lrhook","webhook"]
  revision = "087f5f581da11370919ba54c763b2913fdf5bb34"

[[projects]]
  branch = "master"
  name = "github.com/nullstyle/go-xdr"
  packages = ["xdr3"]
  revision = "a875e7c9fa2388ce03279f6b5ba1c2ccd1f9e917"

[[projects]]
  name = "github.com/pkg/errors"
  packages = ["."]
  revision = "645ef00459ed84a119197bfb8d8205042c6df63d"
  version = "v0.8.0"

[[projects]]
  name = "github.com/sirupsen/logrus"
  packages = ["."]
  revision = "d682213848ed68c0a260ca37d6dd5ace8423f5ba"
  version = "v1.0.4"

[[projects]]
  name = "github.com/urfave/cli"
  packages = ["."]
  revision = "cfb38830724cc34fedffe9a2a29fb54fa9169cd1"
  version = "v1.20.0"

[[projects]]
  name = "gitlab.com/distributed_lab/logan"
  packages = [".","v3","v3/errors","v3/fields"]
  revision = "7ce07a32dee4cb3a90778d6e70ab6e9eb17fe1e3"
  version = "v3.2"

[[projects]]
  branch = "master"
  name = "gitlab.com/swarmfund/go"
  packages = ["amount","crc16","hash","keypair","network","signcontrol","strkey","xdr"]
  revision = "e7074e87e64f38f959a7798e0916a2cf6fc0bce4"

[[projects]]
  branch = "feature/v2"
  name = "gitlab.com/swarmfund/horizon-connector"
  packages = ["v2","v2/internal","v2/internal/account","v2/internal/asset","v2/internal/listener","v2/internal/operation","v2/internal/resources","v2/internal/responses","v2/internal/transaction","v2/types"]
  revision = "2abf186b9848421309f5c28fc8895a2d8bd11f4a"

[[projects]]
  branch = "master"
  name = "gitlab.com/tokend/keypair"
  packages = [".","internal","internal/crc16","internal/strkey"]
  revision = "c148f15306edac6a1ad994d8b218e8ae61a0b2c1"

[[projects]]
  branch = "master"
  name = "golang.org/x/crypto"
  packages = ["ed25519","ed25519/internal/edwards25519","ssh/terminal"]
  revision = "d585fd2cc9195196078f516b69daff6744ef5e84"

[[projects]]
  branch = "master"
  name = "golang.org/x/net"
  packages = ["context"]
  revision = "d866cfc389cec985d6fda2859936a575a55a3ab6"

[[projects]]
  branch = "master"
  name = "golang.org/x/sys"
  packages = ["unix","windows"]
  revision = "83801418e1b59fb1880e363299581ee543af32ca"

[[projects]]
  branch = "master"
  name = "golang.org/x/time"
  packages = ["rate"]
  revision = "6dc17368e09b0e8634d71cac8168d853e869a0c7"

[[projects]]
  branch = "v2"
  name = "gopkg.in/yaml.v2"
  packages = ["."]
  revision = "287cf08546ab5e7e37d55a84f7ed3fd1db036de5"

[solve-meta]
  analyzer-name = "dep"
  analyzer-version = 1
  inputs-digest = "7667a499baf6ac25fb5bdd1e13ec5ded25c3141659877693c67373287d1d22b8"
  solver-name = "gps-cdcl"
  solver-version = 1
